PODS:
  - MBProgressHUD (0.9.2)
  - PureLayout (3.0.2)

DEPENDENCIES:
  - MBProgressHUD
  - PureLayout

SPEC CHECKSUMS:
  MBProgressHUD: 1569cf7ace17a8bac47aabfbb8580a49690386d1
  PureLayout: 4d550abe49a94f24c2808b9b95db9131685fe4cd

PODFILE CHECKSUM: 1497cd9bbe364b52502cb29dff312c56c9ec9f32

COCOAPODS: 1.1.0.rc.1
